
Microsoft Visual Studio Solution File, Format Version 11.00
# Visual Studio 2010
Project("{FAE04EC0-301F-11D3-BF4B-00C04F79EFBC}") = "Assembly-CSharp", "Assembly-CSharp.csproj", "{3fe8bf42-e78f-2a11-8051-b7a4083b40d2}"
EndProject
Project("{FAE04EC0-301F-11D3-BF4B-00C04F79EFBC}") = "Assembly-CSharp-Editor", "Assembly-CSharp-Editor.csproj", "{c779067a-159f-1f87-ac8a-0c481ea6c96f}"
EndProject
Global
	GlobalSection(SolutionConfigurationPlatforms) = preSolution
		Debug|Any CPU = Debug|Any CPU
	EndGlobalSection
	GlobalSection(ProjectConfigurationPlatforms) = postSolution
		{3fe8bf42-e78f-2a11-8051-b7a4083b40d2}.Debug|Any CPU.ActiveCfg = Debug|Any CPU
		{3fe8bf42-e78f-2a11-8051-b7a4083b40d2}.Debug|Any CPU.Build.0 = Debug|Any CPU
		{c779067a-159f-1f87-ac8a-0c481ea6c96f}.Debug|Any CPU.ActiveCfg = Debug|Any CPU
		{c779067a-159f-1f87-ac8a-0c481ea6c96f}.Debug|Any CPU.Build.0 = Debug|Any CPU
	EndGlobalSection
	GlobalSection(SolutionProperties) = preSolution
		HideSolutionNode = FALSE
	EndGlobalSection
EndGlobal
